// !$*UTF8*$!
{
	archiveVersion = 1;
	classes = {
	};
	objectVersion = 46;
	objects = {

/* Begin PBXBuildFile section */
		467BA4D31F789BF200EAEB41 /* AppDelegate.swift in Sources */ = {isa = PBXBuildFile; fileRef = 467BA4D21F789BF200EAEB41 /* AppDelegate.swift */; };
		467BA4D81F789BF200EAEB41 /* Main.storyboard in Resources */ = {isa = PBXBuildFile; fileRef = 467BA4D61F789BF200EAEB41 /* Main.storyboard */; };
		467BA4DB1F789BF200EAEB41 /* NewsReader.xcdatamodeld in Sources */ = {isa = PBXBuildFile; fileRef = 467BA4D91F789BF200EAEB41 /* NewsReader.xcdatamodeld */; };
		467BA4DD1F789BF200EAEB41 /* Assets.xcassets in Resources */ = {isa = PBXBuildFile; fileRef = 467BA4DC1F789BF200EAEB41 /* Assets.xcassets */; };
		467BA4E01F789BF200EAEB41 /* LaunchScreen.storyboard in Resources */ = {isa = PBXBuildFile; fileRef = 467BA4DE1F789BF200EAEB41 /* LaunchScreen.storyboard */; };
		467BA4E81F78A91500EAEB41 /* ArticleCell.swift in Sources */ = {isa = PBXBuildFile; fileRef = 467BA4E71F78A91500EAEB41 /* ArticleCell.swift */; };
		467BA4EA1F78AB3100EAEB41 /* Article.swift in Sources */ = {isa = PBXBuildFile; fileRef = 467BA4E91F78AB3100EAEB41 /* Article.swift */; };
		467BA4EC1F78ABE200EAEB41 /* ArticleViewController.swift in Sources */ = {isa = PBXBuildFile; fileRef = 467BA4EB1F78ABE200EAEB41 /* ArticleViewController.swift */; };
		467BA4F01F78E46900EAEB41 /* WebViewController.swift in Sources */ = {isa = PBXBuildFile; fileRef = 467BA4EF1F78E46900EAEB41 /* WebViewController.swift */; };
/* End PBXBuildFile section */

/* Begin PBXFileReference section */
		467BA4CF1F789BF100EAEB41 /* NewsReader.app */ = {isa = PBXFileReference; explicitFileType = wrapper.application; includeInIndex = 0; path = NewsReader.app; sourceTree = BUILT_PRODUCTS_DIR; };
		467BA4D21F789BF200EAEB41 /* AppDelegate.swift */ = {isa = PBXFileReference; lastKnownFileType = sourcecode.swift; path = AppDelegate.swift; sourceTree = "<group>"; };
		467BA4D71F789BF200EAEB41 /* Base */ = {isa = PBXFileReference; lastKnownFileType = file.storyboard; name = Base; path = Base.lproj/Main.storyboard; sourceTree = "<group>"; };
		467BA4DA1F789BF200EAEB41 /* NewsReader.xcdatamodel */ = {isa = PBXFileReference; lastKnownFileType = wrapper.xcdatamodel; path = NewsReader.xcdatamodel; sourceTree = "<group>"; };
		467BA4DC1F789BF200EAEB41 /* Assets.xcassets */ = {isa = PBXFileReference; lastKnownFileType = folder.assetcatalog; path = Assets.xcassets; sourceTree = "<group>"; };
		467BA4DF1F789BF200EAEB41 /* Base */ = {isa = PBXFileReference; lastKnownFileType = file.storyboard; name = Base; path = Base.lproj/LaunchScreen.storyboard; sourceTree = "<group>"; };
		467BA4E11F789BF200EAEB41 /* Info.plist */ = {isa = PBXFileReference; lastKnownFileType = text.plist.xml; path = Info.plist; sourceTree = "<group>"; };
		467BA4E71F78A91500EAEB41 /* ArticleCell.swift */ = {isa = PBXFileReference; fileEncoding = 4; lastKnownFileType = sourcecode.swift; path = ArticleCell.swift; sourceTree = "<group>"; };
		467BA4E91F78AB3100EAEB41 /* Article.swift */ = {isa = PBXFileReference; fileEncoding = 4; lastKnownFileType = sourcecode.swift; path = Article.swift; sourceTree = "<group>"; };
		467BA4EB1F78ABE200EAEB41 /* ArticleViewController.swift */ = {isa = PBXFileReference; fileEncoding = 4; lastKnownFileType = sourcecode.swift; path = ArticleViewController.swift; sourceTree = "<group>"; };
		467BA4EF1F78E46900EAEB41 /* WebViewController.swift */ = {isa = PBXFileReference; fileEncoding = 4; lastKnownFileType = sourcecode.swift; path = WebViewController.swift; sourceTree = "<group>"; };
/* End PBXFileReference section */

/* Begin PBXFrameworksBuildPhase section */
		467BA4CC1F789BF100EAEB41 /* Frameworks */ = {
			isa = PBXFrameworksBuildPhase;
			buildActionMask = 2147483647;
			files = (
			);
			runOnlyForDeploymentPostprocessing = 0;
		};
/* End PBXFrameworksBuildPhase section */

/* Begin PBXGroup section */
		467BA4C61F789BF100EAEB41 = {
			isa = PBXGroup;
			children = (
				467BA4D11F789BF100EAEB41 /* NewsReader */,
				467BA4D01F789BF100EAEB41 /* Products */,
			);
			sourceTree = "<group>";
		};
		467BA4D01F789BF100EAEB41 /* Products */ = {
			isa = PBXGroup;
			children = (
				467BA4CF1F789BF100EAEB41 /* NewsReader.app */,
			);
			name = Products;
			sourceTree = "<group>";
		};
		467BA4D11F789BF100EAEB41 /* NewsReader */ = {
			isa = PBXGroup;
			children = (
				467BA4D21F789BF200EAEB41 /* AppDelegate.swift */,
				467BA4D61F789BF200EAEB41 /* Main.storyboard */,
				467BA4DC1F789BF200EAEB41 /* Assets.xcassets */,
				467BA4DE1F789BF200EAEB41 /* LaunchScreen.storyboard */,
				467BA4E11F789BF200EAEB41 /* Info.plist */,
				467BA4D91F789BF200EAEB41 /* NewsReader.xcdatamodeld */,
				467BA4E71F78A91500EAEB41 /* ArticleCell.swift */,
				467BA4E91F78AB3100EAEB41 /* Article.swift */,
				467BA4EB1F78ABE200EAEB41 /* ArticleViewController.swift */,
				467BA4EF1F78E46900EAEB41 /* WebViewController.swift */,
			);
			path = NewsReader;
			sourceTree = "<group>";
		};
/* End PBXGroup section */

/* Begin PBXNativeTarget section */
		467BA4CE1F789BF100EAEB41 /* NewsReader */ = {
			isa = PBXNativeTarget;
			buildConfigurationList = 467BA4E41F789BF200EAEB41 /* Build configuration list for PBXNativeTarget "NewsReader" */;
			buildPhases = (
				467BA4CB1F789BF100EAEB41 /* Sources */,
				467BA4CC1F789BF100EAEB41 /* Frameworks */,
				467BA4CD1F789BF100EAEB41 /* Resources */,
			);
			buildRules = (
			);
			dependencies = (
			);
			name = NewsReader;
			productName = NewsReader;
			productReference = 467BA4CF1F789BF100EAEB41 /* NewsReader.app */;
			productType = "com.apple.product-type.application";
		};
/* End PBXNativeTarget section */

/* Begin PBXProject section */
		467BA4C71F789BF100EAEB41 /* Project object */ = {
			isa = PBXProject;
			attributes = {
				LastSwiftUpdateCheck = 0810;
				LastUpgradeCheck = 0810;
				ORGANIZATIONNAME = Ikhsan;
				TargetAttributes = {
					467BA4CE1F789BF100EAEB41 = {
						CreatedOnToolsVersion = 8.1;
						DevelopmentTeam = 4PGL8ZFAU4;
						ProvisioningStyle = Automatic;
					};
				};
			};
			buildConfigurationList = 467BA4CA1F789BF100EAEB41 /* Build configuration list for PBXProject "NewsReader" */;
			compatibilityVersion = "Xcode 3.2";
			developmentRegion = English;
			hasScannedForEncodings = 0;
			knownRegions = (
				en,
				Base,
			);
			mainGroup = 467BA4C61F789BF100EAEB41;
			productRefGroup = 467BA4D01F789BF100EAEB41 /* Products */;
			projectDirPath = "";
			projectRoot = "";
			targets = (
				467BA4CE1F789BF100EAEB41 /* NewsReader */,
			);
		};
/* End PBXProject section */

/* Begin PBXResourcesBuildPhase section */
		467BA4CD1F789BF100EAEB41 /* Resources */ = {
			isa = PBXResourcesBuildPhase;
			buildActionMask = 2147483647;
			files = (
				467BA4E01F789BF200EAEB41 /* LaunchScreen.storyboard in Resources */,
				467BA4DD1F789BF200EAEB41 /* Assets.xcassets in Resources */,
				467BA4D81F789BF200EAEB41 /* Main.storyboard in Resources */,
			);
			runOnlyForDeploymentPostprocessing = 0;
		};
/* End PBXResourcesBuildPhase section */

/* Begin PBXSourcesBuildPhase section */
		467BA4CB1F789BF100EAEB41 /* Sources */ = {
			isa = PBXSourcesBuildPhase;
			buildActionMask = 2147483647;
			files = (
				467BA4E81F78A91500EAEB41 /* ArticleCell.swift in Sources */,
				467BA4F01F78E46900EAEB41 /* WebViewController.swift in Sources */,
				467BA4EC1F78ABE200EAEB41 /* ArticleViewController.swift in Sources */,
				467BA4DB1F789BF200EAEB41 /* NewsReader.xcdatamodeld in Sources */,
				467BA4D31F789BF200EAEB41 /* AppDelegate.swift in Sources */,
				467BA4EA1F78AB3100EAEB41 /* Article.swift in Sources */,
			);
			runOnlyForDeploymentPostprocessing = 0;
		};
/* End PBXSourcesBuildPhase section */

/* Begin PBXVariantGroup section */
		467BA4D61F789BF200EAEB41 /* Main.storyboard */ = {
			isa = PBXVariantGroup;
			children = (
				467BA4D71F789BF200EAEB41 /* Base */,
			);
			name = Main.storyboard;
			sourceTree = "<group>";
		};
		467BA4DE1F789BF200EAEB41 /* LaunchScreen.storyboard */ = {
			isa = PBXVariantGroup;
			children = (
				467BA4DF1F789BF200EAEB41 /* Base */,
			);
			name = LaunchScreen.storyboard;
			sourceTree = "<group>";
		};
/* End PBXVariantGroup section */

/* Begin XCBuildConfiguration section */
		467BA4E21F789BF200EAEB41 /* Debug */ = {
			isa = XCBuildConfiguration;
			buildSettings = {
				ALWAYS_SEARCH_USER_PATHS = NO;
				CLANG_ANALYZER_NONNULL = YES;
				CLANG_CXX_LANGUAGE_STANDARD = "gnu++0x";
				CLANG_CXX_LIBRARY = "libc++";
				CLANG_ENABLE_MODULES = YES;
				CLANG_ENABLE_OBJC_ARC = YES;
				CLANG_WARN_BOOL_CONVERSION = YES;
				CLANG_WARN_CONSTANT_CONVERSION = YES;
				CLANG_WARN_DIRECT_OBJC_ISA_USAGE = YES_ERROR;
				CLANG_WARN_DOCUMENTATION_COMMENTS = YES;
				CLANG_WARN_EMPTY_BODY = YES;
				CLANG_WARN_ENUM_CONVERSION = YES;
				CLANG_WARN_INFINITE_RECURSION = YES;
				CLANG_WARN_INT_CONVERSION = YES;
				CLANG_WARN_OBJC_ROOT_CLASS = YES_ERROR;
				CLANG_WARN_SUSPICIOUS_MOVES = YES;
				CLANG_WARN_UNREACHABLE_CODE = YES;
				CLANG_WARN__DUPLICATE_METHOD_MATCH = YES;
				"CODE_SIGN_IDENTITY[sdk=iphoneos*]" = "iPhone Developer";
				COPY_PHASE_STRIP = NO;
				DEBUG_INFORMATION_FORMAT = dwarf;
				ENABLE_STRICT_OBJC_MSGSEND = YES;
				ENABLE_TESTABILITY = YES;
				GCC_C_LANGUAGE_STANDARD = gnu99;
				GCC_DYNAMIC_NO_PIC = NO;
				GCC_NO_COMMON_BLOCKS = YES;
				GCC_OPTIMIZATION_LEVEL = 0;
				GCC_PREPROCESSOR_DEFINITIONS = (
					"DEBUG=1",
					"$(inherited)",
				);
				GCC_WARN_64_TO_32_BIT_CONVERSION = YES;
				GCC_WARN_ABOUT_RETURN_TYPE = YES_ERROR;
				GCC_WARN_UNDECLARED_SELECTOR = YES;
				GCC_WARN_UNINITIALIZED_AUTOS = YES_AGGRESSIVE;
				GCC_WARN_UNUSED_FUNCTION = YES;
				GCC_WARN_UNUSED_VARIABLE = YES;
				IPHONEOS_DEPLOYMENT_TARGET = 10.1;
				MTL_ENABLE_DEBUG_INFO = YES;
				ONLY_ACTIVE_ARCH = YES;
				SDKROOT = iphoneos;
				SWIFT_ACTIVE_COMPILATION_CONDITIONS = DEBUG;
				SWIFT_OPTIMIZATION_LEVEL = "-Onone";
			};
			name = Debug;
		};
		467BA4E31F789BF200EAEB41 /* Release */ = {
			isa = XCBuildConfiguration;
			buildSettings = {
				ALWAYS_SEARCH_USER_PATHS = NO;
				CLANG_ANALYZER_NONNULL = YES;
				CLANG_CXX_LANGUAGE_STANDARD = "gnu++0x";
				CLANG_CXX_LIBRARY = "libc++";
				CLANG_ENABLE_MODULES = YES;
				CLANG_ENABLE_OBJC_ARC = YES;
				CLANG_WARN_BOOL_CONVERSION = YES;
				CLANG_WARN_CONSTANT_CONVERSION = YES;
				CLANG_WARN_DIRECT_OBJC_ISA_USAGE = YES_ERROR;
				CLANG_WARN_DOCUMENTATION_COMMENTS = YES;
				CLANG_WARN_EMPTY_BODY = YES;
				CLANG_WARN_ENUM_CONVERSION = YES;
				CLANG_WARN_INFINITE_RECURSION = YES;
				CLANG_WARN_INT_CONVERSION = YES;
				CLANG_WARN_OBJC_ROOT_CLASS = YES_ERROR;
				CLANG_WARN_SUSPICIOUS_MOVES = YES;
				CLANG_WARN_UNREACHABLE_CODE = YES;
				CLANG_WARN__DUPLICATE_METHOD_MATCH = YES;
				"CODE_SIGN_IDENTITY[sdk=iphoneos*]" = "iPhone Developer";
				COPY_PHASE_STRIP = NO;
				DEBUG_INFORMATION_FORMAT = "dwarf-with-dsym";
				ENABLE_NS_ASSERTIONS = NO;
				ENABLE_STRICT_OBJC_MSGSEND = YES;
				GCC_C_LANGUAGE_STANDARD = gnu99;
				GCC_NO_COMMON_BLOCKS = YES;
				GCC_WARN_64_TO_32_BIT_CONVERSION = YES;
				GCC_WARN_ABOUT_RETURN_TYPE = YES_ERROR;
				GCC_WARN_UNDECLARED_SELECTOR = YES;
				GCC_WARN_UNINITIALIZED_AUTOS = YES_AGGRESSIVE;
				GCC_WARN_UNUSED_FUNCTION = YES;
				GCC_WARN_UNUSED_VARIABLE = YES;
				IPHONEOS_DEPLOYMENT_TARGET = 10.1;
				MTL_ENABLE_DEBUG_INFO = NO;
				SDKROOT = iphoneos;
				SWIFT_OPTIMIZATION_LEVEL = "-Owholemodule";
				VALIDATE_PRODUCT = YES;
			};
			name = Release;
		};
		467BA4E51F789BF200EAEB41 /* Debug */ = {
			isa = XCBuildConfiguration;
			buildSettings = {
				ASSETCATALOG_COMPILER_APPICON_NAME = AppIcon;
				DEVELOPMENT_TEAM = 4PGL8ZFAU4;
				INFOPLIST_FILE = NewsReader/Info.plist;
				LD_RUNPATH_SEARCH_PATHS = "$(inherited) @executable_path/Frameworks";
				PRODUCT_BUNDLE_IDENTIFIER = com.ixsanlabs.NewsReader;
				PRODUCT_NAME = "$(TARGET_NAME)";
				SWIFT_VERSION = 3.0;
			};
			name = Debug;
		};
		467BA4E61F789BF200EAEB41 /* Release */ = {
			isa = XCBuildConfiguration;
			buildSettings = {
				ASSETCATALOG_COMPILER_APPICON_NAME = AppIcon;
				DEVELOPMENT_TEAM = 4PGL8ZFAU4;
				INFOPLIST_FILE = NewsReader/Info.plist;
				LD_RUNPATH_SEARCH_PATHS = "$(inherited) @executable_path/Frameworks";
				PRODUCT_BUNDLE_IDENTIFIER = com.ixsanlabs.NewsReader;
				PRODUCT_NAME = "$(TARGET_NAME)";
				SWIFT_VERSION = 3.0;
			};
			name = Release;
		};
/* End XCBuildConfiguration section */

/* Begin XCConfigurationList section */
		467BA4CA1F789BF100EAEB41 /* Build configuration list for PBXProject "NewsReader" */ = {
			isa = XCConfigurationList;
			buildConfigurations = (
				467BA4E21F789BF200EAEB41 /* Debug */,
				467BA4E31F789BF200EAEB41 /* Release */,
			);
			defaultConfigurationIsVisible = 0;
			defaultConfigurationName = Release;
		};
		467BA4E41F789BF200EAEB41 /* Build configuration list for PBXNativeTarget "NewsReader" */ = {
			isa = XCConfigurationList;
			buildConfigurations = (
				467BA4E51F789BF200EAEB41 /* Debug */,
				467BA4E61F789BF200EAEB41 /* Release */,
			);
			defaultConfigurationIsVisible = 0;
			defaultConfigurationName = Release;
		};
/* End XCConfigurationList section */

/* Begin XCVersionGroup section */
		467BA4D91F789BF200EAEB41 /* NewsReader.xcdatamodeld */ = {
			isa = XCVersionGroup;
			children = (
				467BA4DA1F789BF200EAEB41 /* NewsReader.xcdatamodel */,
			);
			currentVersion = 467BA4DA1F789BF200EAEB41 /* NewsReader.xcdatamodel */;
			path = NewsReader.xcdatamodeld;
			sourceTree = "<group>";
			versionGroupType = wrapper.xcdatamodel;
		};
/* End XCVersionGroup section */
	};
	rootObject = 467BA4C71F789BF100EAEB41 /* Project object */;
}
